PODS:
  - CocoaLumberjack (3.4.2):
    - CocoaLumberjack/Default (= 3.4.2)
    - CocoaLumberjack/Extensions (= 3.4.2)
  - CocoaLumberjack/Default (3.4.2)
  - CocoaLumberjack/Extensions (3.4.2):
    - CocoaLumberjack/Default
  - Katana (2.0.0)
  - PinLayout (1.8.6)
  - SVGKit (2.1.0):
    - CocoaLumberjack (~> 3.0)
  - Tempura (2.1.0):
    - Katana (< 3, >= 2.0)
  - TempuraTesting (2.1.0):
    - Tempura (< 3.0, >= 2.0)

DEPENDENCIES:
  - PinLayout
  - SVGKit (from `https://github.com/SVGKit/SVGKit.git`, branch `2.x`)
  - Tempura
  - TempuraTesting

SPEC REPOS:
  https://github.com/cocoapods/specs.git:
    - CocoaLumberjack
    - Katana
    - PinLayout
    - Tempura
    - TempuraTesting

EXTERNAL SOURCES:
  SVGKit:
    :branch: 2.x
    :git: https://github.com/SVGKit/SVGKit.git

CHECKOUT OPTIONS:
  SVGKit:
    :commit: bfe62f6d45f55c9fe39619d9e91fed1844c59da6
    :git: https://github.com/SVGKit/SVGKit.git

SPEC CHECKSUMS:
  CocoaLumberjack: db7cc9e464771f12054c22ff6947c5a58d43a0fd
  Katana: f624d693c272dac8e3a20c5049a34d0821f067c9
  PinLayout: fe2a2432d6982588e208572005c941aeeae417ab
  SVGKit: 8a2fc74258bdb2abb54d3b65f3dd68b0277a9c4d
  Tempura: 819db8b32776dc68e628902da7119621fddb33bf
  TempuraTesting: cf7d082d36a98e07291eefa5f7d302f4e7184b97

PODFILE CHECKSUM: 01ec77a3d07900b602ef1d1fe414dc4d010260da

COCOAPODS: 1.5.3
