PODS:
  - Katana (2.0.0)
  - PinLayout (1.8.6)
  - SwiftLint (0.27.0)
  - Tempura (2.1.0):
    - Katana (< 3, >= 2.0)
  - TempuraTesting (2.1.0):
    - Tempura (< 3.0, >= 2.0)

DEPENDENCIES:
  - PinLayout
  - SwiftLint
  - Tempura
  - TempuraTesting

SPEC REPOS:
  https://github.com/cocoapods/specs.git:
    - Katana
    - PinLayout
    - SwiftLint
    - Tempura
    - TempuraTesting

SPEC CHECKSUMS:
  Katana: f624d693c272dac8e3a20c5049a34d0821f067c9
  PinLayout: fe2a2432d6982588e208572005c941aeeae417ab
  SwiftLint: 3207c1faa2240bf8973b191820a116113cd11073
  Tempura: 819db8b32776dc68e628902da7119621fddb33bf
  TempuraTesting: cf7d082d36a98e07291eefa5f7d302f4e7184b97

PODFILE CHECKSUM: 8bdc067ec1b6088fa67b49319529458c9fb0b852

COCOAPODS: 1.5.3
