PODS:
  - Apollo (0.9.4):
    - Apollo/Core (= 0.9.4)
  - Apollo/Core (0.9.4)
  - Apollo/WebSocket (0.9.4):
    - Apollo/Core
    - Starscream (~> 3.0.2)
  - Disk (0.4.0)
  - DynamicColor (4.0.2)
  - FlowFramework (1.4.1)
  - Katana (2.0.0)
  - PinLayout (1.8.6)
  - Starscream (3.0.6)
  - SwiftFormat/CLI (0.35.7)
  - SwiftLint (0.27.0)
  - Tempura (2.1.0):
    - Katana (< 3, >= 2.0)
  - TempuraTesting (2.1.0):
    - Tempura (< 3.0, >= 2.0)
  - UIViewRoundedCorners (1.0.0)

DEPENDENCIES:
  - Apollo
  - Apollo/WebSocket
  - Disk (~> 0.4.0)
  - DynamicColor (~> 4.0.2)
  - FlowFramework (~> 1.0)
  - PinLayout
  - SwiftFormat/CLI
  - SwiftLint
  - Tempura
  - TempuraTesting
  - UIViewRoundedCorners

SPEC REPOS:
  https://github.com/cocoapods/specs.git:
    - Apollo
    - Disk
    - DynamicColor
    - FlowFramework
    - Katana
    - PinLayout
    - Starscream
    - SwiftFormat
    - SwiftLint
    - Tempura
    - TempuraTesting
    - UIViewRoundedCorners

SPEC CHECKSUMS:
  Apollo: 450856adbdebcdf28c3c671f81732ac3f9944065
  Disk: ef2956657d5bb56034b38b29b352170165226440
  DynamicColor: c7adcfe871781a2b39877a5774e452ba51b79eb3
  FlowFramework: dad5379307484c03e9065c633115c215333d5789
  Katana: f624d693c272dac8e3a20c5049a34d0821f067c9
  PinLayout: fe2a2432d6982588e208572005c941aeeae417ab
  Starscream: ef3ece99d765eeccb67de105bfa143f929026cf5
  SwiftFormat: d97eadc55d4e02d04cf1f03b8a2d6ff5b6cdb2fd
  SwiftLint: 3207c1faa2240bf8973b191820a116113cd11073
  Tempura: 819db8b32776dc68e628902da7119621fddb33bf
  TempuraTesting: cf7d082d36a98e07291eefa5f7d302f4e7184b97
  UIViewRoundedCorners: 51b74df8b6052e0488c71197951566aac632ee1a

PODFILE CHECKSUM: ab68177817000bb2fa2f950264a85fc6ea7b1de4

COCOAPODS: 1.5.3
