<?xml version="1.0" encoding="UTF-8"?>
<Scheme
   LastUpgradeVersion = "0930"
   version = "1.3">
   <TestAction
      selectedDebuggerIdentifier = "Xcode.DebuggerFoundation.Debugger.LLDB"
      selectedLauncherIdentifier = "Xcode.DebuggerFoundation.Launcher.LLDB"
      shouldUseLaunchSchemeArgsEnv = "YES"
      buildConfiguration = "debug">
      <AdditionalOptions>
      </AdditionalOptions>
   </TestAction>
   <ProfileAction
      savedToolIdentifier = ""
      useCustomWorkingDirectory = "NO"
      debugDocumentVersioning = "YES"
      buildConfiguration = "release"
      shouldUseLaunchSchemeArgsEnv = "YES">
   </ProfileAction>
   <AnalyzeAction
      buildConfiguration = "debug">
   </AnalyzeAction>
   <BuildAction
      parallelizeBuildables = "YES"
      buildImplicitDependencies = "YES">
      <BuildActionEntries>
         <BuildActionEntry
            buildForAnalyzing = "YES"
            buildForTesting = "NO"
            buildForRunning = "YES"
            buildForProfiling = "YES"
            buildForArchiving = "YES">
            <BuildableReference
               BuildableIdentifier = "primary"
               BlueprintIdentifier = "AC10BC397AB89C9F0DD54F8F"
               BlueprintName = "ugglan"
               ReferencedContainer = "container:project.xcodeproj"
               BuildableName = "ugglan.app">
            </BuildableReference>
         </BuildActionEntry>
      </BuildActionEntries>
   </BuildAction>
   <ArchiveAction
      buildConfiguration = "release"
      revealArchiveInOrganizer = "YES"
      customArchiveName = "ugglan.xcarchive">
   </ArchiveAction>
   <LaunchAction
      selectedDebuggerIdentifier = "Xcode.DebuggerFoundation.Debugger.LLDB"
      selectedLauncherIdentifier = "Xcode.DebuggerFoundation.Launcher.LLDB"
      launchStyle = "0"
      useCustomWorkingDirectory = "NO"
      ignoresPersistentStateOnLaunch = "NO"
      debugDocumentVersioning = "YES"
      debugServiceExtension = "internal"
      buildConfiguration = "release"
      allowLocationSimulation = "NO">
      <AdditionalOptions>
      </AdditionalOptions>
      <EnvironmentVariables>
         <EnvironmentVariable
            key = "OS_ACTIVITY_MODE"
            value = "disable"
            isEnabled = "YES">
         </EnvironmentVariable>
      </EnvironmentVariables>
      <CommandLineArguments>
         <CommandLineArgument
            argument = "-AppleLanguages (en-GB)"
            isEnabled = "YES">
         </CommandLineArgument>
      </CommandLineArguments>
      <BuildableProductRunnable>
         <BuildableReference
            BuildableIdentifier = "primary"
            BlueprintIdentifier = "AC10BC397AB89C9F0DD54F8F"
            BlueprintName = "ugglan"
            ReferencedContainer = "container:project.xcodeproj"
            BuildableName = "ugglan.app">
         </BuildableReference>
      </BuildableProductRunnable>
   </LaunchAction>
</Scheme>
